// !$*UTF8*$!
{
	archiveVersion = 1;
	classes = {
	};
	objectVersion = 50;
	objects = {

/* Begin PBXBuildFile section */
		5CA36A71272480CE005B13EE /* AppDelegate.swift in Sources */ = {isa = PBXBuildFile; fileRef = 5CA36A70272480CE005B13EE /* AppDelegate.swift */; };
		5CA36A73272480CE005B13EE /* SceneDelegate.swift in Sources */ = {isa = PBXBuildFile; fileRef = 5CA36A72272480CE005B13EE /* SceneDelegate.swift */; };
		5CA36A75272480CE005B13EE /* ViewController.swift in Sources */ = {isa = PBXBuildFile; fileRef = 5CA36A74272480CE005B13EE /* ViewController.swift */; };
		5CA36A78272480CE005B13EE /* Main.storyboard in Resources */ = {isa = PBXBuildFile; fileRef = 5CA36A76272480CE005B13EE /* Main.storyboard */; };
		5CA36A7A272480D4005B13EE /* Assets.xcassets in Resources */ = {isa = PBXBuildFile; fileRef = 5CA36A79272480D4005B13EE /* Assets.xcassets */; };
		5CA36A7D272480D4005B13EE /* LaunchScreen.storyboard in Resources */ = {isa = PBXBuildFile; fileRef = 5CA36A7B272480D4005B13EE /* LaunchScreen.storyboard */; };
		5CA36A872724A820005B13EE /* DetailViewController.swift in Sources */ = {isa = PBXBuildFile; fileRef = 5CA36A862724A820005B13EE /* DetailViewController.swift */; };
		5CA36A892724A867005B13EE /* Photo.swift in Sources */ = {isa = PBXBuildFile; fileRef = 5CA36A882724A867005B13EE /* Photo.swift */; };
/* End PBXBuildFile section */

/* Begin PBXFileReference section */
		5CA36A6D272480CE005B13EE /* Day50.app */ = {isa = PBXFileReference; explicitFileType = wrapper.application; includeInIndex = 0; path = Day50.app; sourceTree = BUILT_PRODUCTS_DIR; };
		5CA36A70272480CE005B13EE /* AppDelegate.swift */ = {isa = PBXFileReference; lastKnownFileType = sourcecode.swift; path = AppDelegate.swift; sourceTree = "<group>"; };
		5CA36A72272480CE005B13EE /* SceneDelegate.swift */ = {isa = PBXFileReference; lastKnownFileType = sourcecode.swift; path = SceneDelegate.swift; sourceTree = "<group>"; };
		5CA36A74272480CE005B13EE /* ViewController.swift */ = {isa = PBXFileReference; lastKnownFileType = sourcecode.swift; path = ViewController.swift; sourceTree = "<group>"; };
		5CA36A77272480CE005B13EE /* Base */ = {isa = PBXFileReference; lastKnownFileType = file.storyboard; name = Base; path = Base.lproj/Main.storyboard; sourceTree = "<group>"; };
		5CA36A79272480D4005B13EE /* Assets.xcassets */ = {isa = PBXFileReference; lastKnownFileType = folder.assetcatalog; path = Assets.xcassets; sourceTree = "<group>"; };
		5CA36A7C272480D4005B13EE /* Base */ = {isa = PBXFileReference; lastKnownFileType = file.storyboard; name = Base; path = Base.lproj/LaunchScreen.storyboard; sourceTree = "<group>"; };
		5CA36A7E272480D4005B13EE /* Info.plist */ = {isa = PBXFileReference; lastKnownFileType = text.plist.xml; path = Info.plist; sourceTree = "<group>"; };
		5CA36A862724A820005B13EE /* DetailViewController.swift */ = {isa = PBXFileReference; lastKnownFileType = sourcecode.swift; path = DetailViewController.swift; sourceTree = "<group>"; };
		5CA36A882724A867005B13EE /* Photo.swift */ = {isa = PBXFileReference; lastKnownFileType = sourcecode.swift; path = Photo.swift; sourceTree = "<group>"; };
/* End PBXFileReference section */

/* Begin PBXFrameworksBuildPhase section */
		5CA36A6A272480CE005B13EE /* Frameworks */ = {
			isa = PBXFrameworksBuildPhase;
			buildActionMask = 2147483647;
			files = (
			);
			runOnlyForDeploymentPostprocessing = 0;
		};
/* End PBXFrameworksBuildPhase section */

/* Begin PBXGroup section */
		5CA36A64272480CE005B13EE = {
			isa = PBXGroup;
			children = (
				5CA36A6F272480CE005B13EE /* Day50 */,
				5CA36A6E272480CE005B13EE /* Products */,
			);
			sourceTree = "<group>";
		};
		5CA36A6E272480CE005B13EE /* Products */ = {
			isa = PBXGroup;
			children = (
				5CA36A6D272480CE005B13EE /* Day50.app */,
			);
			name = Products;
			sourceTree = "<group>";
		};
		5CA36A6F272480CE005B13EE /* Day50 */ = {
			isa = PBXGroup;
			children = (
				5CA36A70272480CE005B13EE /* AppDelegate.swift */,
				5CA36A72272480CE005B13EE /* SceneDelegate.swift */,
				5CA36A74272480CE005B13EE /* ViewController.swift */,
				5CA36A862724A820005B13EE /* DetailViewController.swift */,
				5CA36A882724A867005B13EE /* Photo.swift */,
				5CA36A76272480CE005B13EE /* Main.storyboard */,
				5CA36A79272480D4005B13EE /* Assets.xcassets */,
				5CA36A7B272480D4005B13EE /* LaunchScreen.storyboard */,
				5CA36A7E272480D4005B13EE /* Info.plist */,
			);
			path = Day50;
			sourceTree = "<group>";
		};
/* End PBXGroup section */

/* Begin PBXNativeTarget section */
		5CA36A6C272480CE005B13EE /* Day50 */ = {
			isa = PBXNativeTarget;
			buildConfigurationList = 5CA36A81272480D4005B13EE /* Build configuration list for PBXNativeTarget "Day50" */;
			buildPhases = (
				5CA36A69272480CE005B13EE /* Sources */,
				5CA36A6A272480CE005B13EE /* Frameworks */,
				5CA36A6B272480CE005B13EE /* Resources */,
			);
			buildRules = (
			);
			dependencies = (
			);
			name = Day50;
			productName = Day50;
			productReference = 5CA36A6D272480CE005B13EE /* Day50.app */;
			productType = "com.apple.product-type.application";
		};
/* End PBXNativeTarget section */

/* Begin PBXProject section */
		5CA36A65272480CE005B13EE /* Project object */ = {
			isa = PBXProject;
			attributes = {
				LastSwiftUpdateCheck = 1250;
				LastUpgradeCheck = 1250;
				TargetAttributes = {
					5CA36A6C272480CE005B13EE = {
						CreatedOnToolsVersion = 12.5.1;
					};
				};
			};
			buildConfigurationList = 5CA36A68272480CE005B13EE /* Build configuration list for PBXProject "Day50" */;
			compatibilityVersion = "Xcode 9.3";
			developmentRegion = en;
			hasScannedForEncodings = 0;
			knownRegions = (
				en,
				Base,
			);
			mainGroup = 5CA36A64272480CE005B13EE;
			productRefGroup = 5CA36A6E272480CE005B13EE /* Products */;
			projectDirPath = "";
			projectRoot = "";
			targets = (
				5CA36A6C272480CE005B13EE /* Day50 */,
			);
		};
/* End PBXProject section */

/* Begin PBXResourcesBuildPhase section */
		5CA36A6B272480CE005B13EE /* Resources */ = {
			isa = PBXResourcesBuildPhase;
			buildActionMask = 2147483647;
			files = (
				5CA36A7D272480D4005B13EE /* LaunchScreen.storyboard in Resources */,
				5CA36A7A272480D4005B13EE /* Assets.xcassets in Resources */,
				5CA36A78272480CE005B13EE /* Main.storyboard in Resources */,
			);
			runOnlyForDeploymentPostprocessing = 0;
		};
/* End PBXResourcesBuildPhase section */

/* Begin PBXSourcesBuildPhase section */
		5CA36A69272480CE005B13EE /* Sources */ = {
			isa = PBXSourcesBuildPhase;
			buildActionMask = 2147483647;
			files = (
				5CA36A892724A867005B13EE /* Photo.swift in Sources */,
				5CA36A75272480CE005B13EE /* ViewController.swift in Sources */,
				5CA36A872724A820005B13EE /* DetailViewController.swift in Sources */,
				5CA36A71272480CE005B13EE /* AppDelegate.swift in Sources */,
				5CA36A73272480CE005B13EE /* SceneDelegate.swift in Sources */,
			);
			runOnlyForDeploymentPostprocessing = 0;
		};
/* End PBXSourcesBuildPhase section */

/* Begin PBXVariantGroup section */
		5CA36A76272480CE005B13EE /* Main.storyboard */ = {
			isa = PBXVariantGroup;
			children = (
				5CA36A77272480CE005B13EE /* Base */,
			);
			name = Main.storyboard;
			sourceTree = "<group>";
		};
		5CA36A7B272480D4005B13EE /* LaunchScreen.storyboard */ = {
			isa = PBXVariantGroup;
			children = (
				5CA36A7C272480D4005B13EE /* Base */,
			);
			name = LaunchScreen.storyboard;
			sourceTree = "<group>";
		};
/* End PBXVariantGroup section */

/* Begin XCBuildConfiguration section */
		5CA36A7F272480D4005B13EE /* Debug */ = {
			isa = XCBuildConfiguration;
			buildSettings = {
				ALWAYS_SEARCH_USER_PATHS = NO;
				CLANG_ANALYZER_NONNULL = YES;
				CLANG_ANALYZER_NUMBER_OBJECT_CONVERSION = YES_AGGRESSIVE;
				CLANG_CXX_LANGUAGE_STANDARD = "gnu++14";
				CLANG_CXX_LIBRARY = "libc++";
				CLANG_ENABLE_MODULES = YES;
				CLANG_ENABLE_OBJC_ARC = YES;
				CLANG_ENABLE_OBJC_WEAK = YES;
				CLANG_WARN_BLOCK_CAPTURE_AUTORELEASING = YES;
				CLANG_WARN_BOOL_CONVERSION = YES;
				CLANG_WARN_COMMA = YES;
				CLANG_WARN_CONSTANT_CONVERSION = YES;
				CLANG_WARN_DEPRECATED_OBJC_IMPLEMENTATIONS = YES;
				CLANG_WARN_DIRECT_OBJC_ISA_USAGE = YES_ERROR;
				CLANG_WARN_DOCUMENTATION_COMMENTS = YES;
				CLANG_WARN_EMPTY_BODY = YES;
				CLANG_WARN_ENUM_CONVERSION = YES;
				CLANG_WARN_INFINITE_RECURSION = YES;
				CLANG_WARN_INT_CONVERSION = YES;
				CLANG_WARN_NON_LITERAL_NULL_CONVERSION = YES;
				CLANG_WARN_OBJC_IMPLICIT_RETAIN_SELF = YES;
				CLANG_WARN_OBJC_LITERAL_CONVERSION = YES;
				CLANG_WARN_OBJC_ROOT_CLASS = YES_ERROR;
				CLANG_WARN_QUOTED_INCLUDE_IN_FRAMEWORK_HEADER = YES;
				CLANG_WARN_RANGE_LOOP_ANALYSIS = YES;
				CLANG_WARN_STRICT_PROTOTYPES = YES;
				CLANG_WARN_SUSPICIOUS_MOVE = YES;
				CLANG_WARN_UNGUARDED_AVAILABILITY = YES_AGGRESSIVE;
				CLANG_WARN_UNREACHABLE_CODE = YES;
				CLANG_WARN__DUPLICATE_METHOD_MATCH = YES;
				COPY_PHASE_STRIP = NO;
				DEBUG_INFORMATION_FORMAT = dwarf;
				ENABLE_STRICT_OBJC_MSGSEND = YES;
				ENABLE_TESTABILITY = YES;
				GCC_C_LANGUAGE_STANDARD = gnu11;
				GCC_DYNAMIC_NO_PIC = NO;
				GCC_NO_COMMON_BLOCKS = YES;
				GCC_OPTIMIZATION_LEVEL = 0;
				GCC_PREPROCESSOR_DEFINITIONS = (
					"DEBUG=1",
					"$(inherited)",
				);
				GCC_WARN_64_TO_32_BIT_CONVERSION = YES;
				GCC_WARN_ABOUT_RETURN_TYPE = YES_ERROR;
				GCC_WARN_UNDECLARED_SELECTOR = YES;
				GCC_WARN_UNINITIALIZED_AUTOS = YES_AGGRESSIVE;
				GCC_WARN_UNUSED_FUNCTION = YES;
				GCC_WARN_UNUSED_VARIABLE = YES;
				IPHONEOS_DEPLOYMENT_TARGET = 14.5;
				MTL_ENABLE_DEBUG_INFO = INCLUDE_SOURCE;
				MTL_FAST_MATH = YES;
				ONLY_ACTIVE_ARCH = YES;
				SDKROOT = iphoneos;
				SWIFT_ACTIVE_COMPILATION_CONDITIONS = DEBUG;
				SWIFT_OPTIMIZATION_LEVEL = "-Onone";
			};
			name = Debug;
		};
		5CA36A80272480D4005B13EE /* Release */ = {
			isa = XCBuildConfiguration;
			buildSettings = {
				ALWAYS_SEARCH_USER_PATHS = NO;
				CLANG_ANALYZER_NONNULL = YES;
				CLANG_ANALYZER_NUMBER_OBJECT_CONVERSION = YES_AGGRESSIVE;
				CLANG_CXX_LANGUAGE_STANDARD = "gnu++14";
				CLANG_CXX_LIBRARY = "libc++";
				CLANG_ENABLE_MODULES = YES;
				CLANG_ENABLE_OBJC_ARC = YES;
				CLANG_ENABLE_OBJC_WEAK = YES;
				CLANG_WARN_BLOCK_CAPTURE_AUTORELEASING = YES;
				CLANG_WARN_BOOL_CONVERSION = YES;
				CLANG_WARN_COMMA = YES;
				CLANG_WARN_CONSTANT_CONVERSION = YES;
				CLANG_WARN_DEPRECATED_OBJC_IMPLEMENTATIONS = YES;
				CLANG_WARN_DIRECT_OBJC_ISA_USAGE = YES_ERROR;
				CLANG_WARN_DOCUMENTATION_COMMENTS = YES;
				CLANG_WARN_EMPTY_BODY = YES;
				CLANG_WARN_ENUM_CONVERSION = YES;
				CLANG_WARN_INFINITE_RECURSION = YES;
				CLANG_WARN_INT_CONVERSION = YES;
				CLANG_WARN_NON_LITERAL_NULL_CONVERSION = YES;
				CLANG_WARN_OBJC_IMPLICIT_RETAIN_SELF = YES;
				CLANG_WARN_OBJC_LITERAL_CONVERSION = YES;
				CLANG_WARN_OBJC_ROOT_CLASS = YES_ERROR;
				CLANG_WARN_QUOTED_INCLUDE_IN_FRAMEWORK_HEADER = YES;
				CLANG_WARN_RANGE_LOOP_ANALYSIS = YES;
				CLANG_WARN_STRICT_PROTOTYPES = YES;
				CLANG_WARN_SUSPICIOUS_MOVE = YES;
				CLANG_WARN_UNGUARDED_AVAILABILITY = YES_AGGRESSIVE;
				CLANG_WARN_UNREACHABLE_CODE = YES;
				CLANG_WARN__DUPLICATE_METHOD_MATCH = YES;
				COPY_PHASE_STRIP = NO;
				DEBUG_INFORMATION_FORMAT = "dwarf-with-dsym";
				ENABLE_NS_ASSERTIONS = NO;
				ENABLE_STRICT_OBJC_MSGSEND = YES;
				GCC_C_LANGUAGE_STANDARD = gnu11;
				GCC_NO_COMMON_BLOCKS = YES;
				GCC_WARN_64_TO_32_BIT_CONVERSION = YES;
				GCC_WARN_ABOUT_RETURN_TYPE = YES_ERROR;
				GCC_WARN_UNDECLARED_SELECTOR = YES;
				GCC_WARN_UNINITIALIZED_AUTOS = YES_AGGRESSIVE;
				GCC_WARN_UNUSED_FUNCTION = YES;
				GCC_WARN_UNUSED_VARIABLE = YES;
				IPHONEOS_DEPLOYMENT_TARGET = 14.5;
				MTL_ENABLE_DEBUG_INFO = NO;
				MTL_FAST_MATH = YES;
				SDKROOT = iphoneos;
				SWIFT_COMPILATION_MODE = wholemodule;
				SWIFT_OPTIMIZATION_LEVEL = "-O";
				VALIDATE_PRODUCT = YES;
			};
			name = Release;
		};
		5CA36A82272480D4005B13EE /* Debug */ = {
			isa = XCBuildConfiguration;
			buildSettings = {
				ASSETCATALOG_COMPILER_APPICON_NAME = AppIcon;
				ASSETCATALOG_COMPILER_GLOBAL_ACCENT_COLOR_NAME = AccentColor;
				CODE_SIGN_STYLE = Automatic;
				DEVELOPMENT_TEAM = YCM6CY8235;
				INFOPLIST_FILE = Day50/Info.plist;
				LD_RUNPATH_SEARCH_PATHS = (
					"$(inherited)",
					"@executable_path/Frameworks",
				);
				PRODUCT_BUNDLE_IDENTIFIER = com.swiftpracticeJW.Day50;
				PRODUCT_NAME = "$(TARGET_NAME)";
				SWIFT_VERSION = 5.0;
				TARGETED_DEVICE_FAMILY = "1,2";
			};
			name = Debug;
		};
		5CA36A83272480D4005B13EE /* Release */ = {
			isa = XCBuildConfiguration;
			buildSettings = {
				ASSETCATALOG_COMPILER_APPICON_NAME = AppIcon;
				ASSETCATALOG_COMPILER_GLOBAL_ACCENT_COLOR_NAME = AccentColor;
				CODE_SIGN_STYLE = Automatic;
				DEVELOPMENT_TEAM = YCM6CY8235;
				INFOPLIST_FILE = Day50/Info.plist;
				LD_RUNPATH_SEARCH_PATHS = (
					"$(inherited)",
					"@executable_path/Frameworks",
				);
				PRODUCT_BUNDLE_IDENTIFIER = com.swiftpracticeJW.Day50;
				PRODUCT_NAME = "$(TARGET_NAME)";
				SWIFT_VERSION = 5.0;
				TARGETED_DEVICE_FAMILY = "1,2";
			};
			name = Release;
		};
/* End XCBuildConfiguration section */

/* Begin XCConfigurationList section */
		5CA36A68272480CE005B13EE /* Build configuration list for PBXProject "Day50" */ = {
			isa = XCConfigurationList;
			buildConfigurations = (
				5CA36A7F272480D4005B13EE /* Debug */,
				5CA36A80272480D4005B13EE /* Release */,
			);
			defaultConfigurationIsVisible = 0;
			defaultConfigurationName = Release;
		};
		5CA36A81272480D4005B13EE /* Build configuration list for PBXNativeTarget "Day50" */ = {
			isa = XCConfigurationList;
			buildConfigurations = (
				5CA36A82272480D4005B13EE /* Debug */,
				5CA36A83272480D4005B13EE /* Release */,
			);
			defaultConfigurationIsVisible = 0;
			defaultConfigurationName = Release;
		};
/* End XCConfigurationList section */
	};
	rootObject = 5CA36A65272480CE005B13EE /* Project object */;
}
